# Resolved on 2026-08-23 for Python 3.12.13 arm64.
# The local package itself is installed separately with: pip install '.[dev]'
annotated-types==0.8.0
iniconfig==2.3.0
packaging==26.3
pluggy==1.6.0
pydantic==2.13.4
pydantic_core==2.46.4
Pygments==2.21.0
pytest==8.4.2
setuptools==84.0.0
typing-inspection==0.4.4
typing_extensions==4.16.0
wheel==0.48.0
